
Microsoft Visual Studio Solution File, Format Version 12.00
# Visual Studio Version 16
VisualStudioVersion = 16.0.31205.134
MinimumVisualStudioVersion = 10.0.40219.1
Project("{2150E333-8FDC-42A3-9474-1A3956D46DE8}") = "src", "src", "{C88B27B0-E908-4CFD-AFA0-FAD7742DB2EF}"
EndProject
Project("{2150E333-8FDC-42A3-9474-1A3956D46DE8}") = "Building Blocks", "Building Blocks", "{76A7099A-67E2-483E-BC07-743DCF03771F}"
EndProject
Project("{2150E333-8FDC-42A3-9474-1A3956D46DE8}") = "Services", "Services", "{390DCF97-756E-464B-8D7D-FF9345056C89}"
EndProject
Project("{2150E333-8FDC-42A3-9474-1A3956D46DE8}") = "Web", "Web", "{9B16A9FF-B8B0-4652-B7E7-1DEB197D8B50}"
EndProject
Project("{2150E333-8FDC-42A3-9474-1A3956D46DE8}") = "Identidade", "Identidade", "{41483E85-A349-444F-BFAF-0A7EE350F961}"
EndProject
Project("{9A19103F-16F7-4668-BE54-9A1E7A4F7556}") = "NSE.Identidade.API", "src\services\NSE.Identidade.API\NSE.Identidade.API.csproj", "{23EA4CBB-DBED-4AE4-A3EC-956F0EDA6EB0}"
EndProject
Project("{2150E333-8FDC-42A3-9474-1A3956D46DE8}") = "MVC", "MVC", "{89C1DE39-1E97-472B-98C1-39693DDF51DE}"
EndProject
Project("{9A19103F-16F7-4668-BE54-9A1E7A4F7556}") = "NSE.WebApp.MVC", "src\web\NSE.WebApp.MVC\NSE.WebApp.MVC.csproj", "{8DFC0EE1-029A-45FA-A88F-7080D3018937}"
EndProject
Project("{2150E333-8FDC-42A3-9474-1A3956D46DE8}") = "Core", "Core", "{A7A1A013-062B-4816-9E94-F474B357C3A9}"
EndProject
Project("{9A19103F-16F7-4668-BE54-9A1E7A4F7556}") = "NSE.Core", "src\building blocks\NSE.Core\NSE.Core.csproj", "{77DDC380-D1E3-4714-BF20-6C054BA43F6B}"
EndProject
Project("{2150E333-8FDC-42A3-9474-1A3956D46DE8}") = "Carrinho", "Carrinho", "{9D3F56C8-EDEE-4C03-BA95-A87A6974FBB5}"
EndProject
Project("{2150E333-8FDC-42A3-9474-1A3956D46DE8}") = "Catalogo", "Catalogo", "{422D210F-D327-44EE-8EE4-634B5FF45794}"
EndProject
Project("{2150E333-8FDC-42A3-9474-1A3956D46DE8}") = "Cliente", "Cliente", "{D9B2638B-0C1D-457C-89DF-506D9AD0D96F}"
EndProject
Project("{2150E333-8FDC-42A3-9474-1A3956D46DE8}") = "Pagamento", "Pagamento", "{46A09FE7-D8FB-4E42-AC14-5CF00BB08DA5}"
EndProject
Project("{2150E333-8FDC-42A3-9474-1A3956D46DE8}") = "Pedido", "Pedido", "{721BD467-A245-424C-B1E3-7CBEF3A0F3A6}"
EndProject
Project("{9A19103F-16F7-4668-BE54-9A1E7A4F7556}") = "NSE.Carrinho.API", "src\services\NSE.Carrinho.API\NSE.Carrinho.API.csproj", "{E3AA1F32-8176-4C4C-BD79-5EA152222BBF}"
EndProject
Project("{9A19103F-16F7-4668-BE54-9A1E7A4F7556}") = "NSE.Catalogo.API", "src\services\NSE.Catalogo.API\NSE.Catalogo.API.csproj", "{158EE60B-30F9-4512-A960-74161F21253C}"
EndProject
Project("{9A19103F-16F7-4668-BE54-9A1E7A4F7556}") = "NSE.Cliente.API", "src\services\NSE.Cliente.API\NSE.Cliente.API.csproj", "{E21DF4D6-68AF-4C40-A8B0-1CD237EFD6D2}"
EndProject
Project("{9A19103F-16F7-4668-BE54-9A1E7A4F7556}") = "NSE.Pagamento.API", "src\services\NSE.Pagamento.API\NSE.Pagamento.API.csproj", "{4E767175-6CA5-47DB-82C5-88ECA2BEF36F}"
EndProject
Project("{9A19103F-16F7-4668-BE54-9A1E7A4F7556}") = "NSE.Pedido.API", "src\services\NSE.Pedido.API\NSE.Pedido.API.csproj", "{038B6215-F4CC-49E8-85BA-338F7108E971}"
EndProject
Project("{2150E333-8FDC-42A3-9474-1A3956D46DE8}") = "Services", "Services", "{71DC096B-33B5-4A52-AE39-299EDA2957FD}"
EndProject
Project("{9A19103F-16F7-4668-BE54-9A1E7A4F7556}") = "NSE.WebAPI.Core", "src\building blocks\NSE.WebAPI.Core\NSE.WebAPI.Core.csproj", "{EF7CF1DD-B6AF-4E21-A46B-6B633DF49B90}"
EndProject
Project("{2150E333-8FDC-42A3-9474-1A3956D46DE8}") = "MessageBus", "MessageBus", "{B414F899-8297-497E-AC10-04E7B8E03D9B}"
EndProject
Project("{9A19103F-16F7-4668-BE54-9A1E7A4F7556}") = "NSE.MessageBus", "src\building blocks\NSE.MessageBus\NSE.MessageBus.csproj", "{38E459E0-8752-47E1-B9ED-5E27107F917B}"
EndProject
Project("{2150E333-8FDC-42A3-9474-1A3956D46DE8}") = "ApiGateways", "ApiGateways", "{055D3082-FA8B-4EDA-A2EC-8CC58CFC4C51}"
EndProject
Project("{2150E333-8FDC-42A3-9474-1A3956D46DE8}") = "Compras", "Compras", "{FEBADF20-C19A-41CD-B045-26C89E90AF64}"
EndProject
Project("{9A19103F-16F7-4668-BE54-9A1E7A4F7556}") = "NSE.Bff.Compras", "src\api gateways\NSE.Bff.Compras\NSE.Bff.Compras.csproj", "{765009A2-2794-44D1-BF2E-C1FC4E67CAB2}"
EndProject
Project("{FAE04EC0-301F-11D3-BF4B-00C04F79EFBC}") = "NSE.Pedidos.Domain", "src\services\NSE.Pedidos.Domain\NSE.Pedidos.Domain.csproj", "{D1800CA4-9AD9-4CF2-9140-4006216E1501}"
EndProject
Project("{FAE04EC0-301F-11D3-BF4B-00C04F79EFBC}") = "NSE.Pedidos.Infra", "src\services\NSE.Pedidos.Infra\NSE.Pedidos.Infra.csproj", "{789D1A4D-0DA1-430F-ACF1-05F69AF1F155}"
EndProject
Global
	GlobalSection(SolutionConfigurationPlatforms) = preSolution
		Debug|Any CPU = Debug|Any CPU
		Release|Any CPU = Release|Any CPU
	EndGlobalSection
	GlobalSection(ProjectConfigurationPlatforms) = postSolution
		{23EA4CBB-DBED-4AE4-A3EC-956F0EDA6EB0}.Debug|Any CPU.ActiveCfg = Debug|Any CPU
		{23EA4CBB-DBED-4AE4-A3EC-956F0EDA6EB0}.Debug|Any CPU.Build.0 = Debug|Any CPU
		{23EA4CBB-DBED-4AE4-A3EC-956F0EDA6EB0}.Release|Any CPU.ActiveCfg = Release|Any CPU
		{23EA4CBB-DBED-4AE4-A3EC-956F0EDA6EB0}.Release|Any CPU.Build.0 = Release|Any CPU
		{8DFC0EE1-029A-45FA-A88F-7080D3018937}.Debug|Any CPU.ActiveCfg = Debug|Any CPU
		{8DFC0EE1-029A-45FA-A88F-7080D3018937}.Debug|Any CPU.Build.0 = Debug|Any CPU
		{8DFC0EE1-029A-45FA-A88F-7080D3018937}.Release|Any CPU.ActiveCfg = Release|Any CPU
		{8DFC0EE1-029A-45FA-A88F-7080D3018937}.Release|Any CPU.Build.0 = Release|Any CPU
		{77DDC380-D1E3-4714-BF20-6C054BA43F6B}.Debug|Any CPU.ActiveCfg = Debug|Any CPU
		{77DDC380-D1E3-4714-BF20-6C054BA43F6B}.Debug|Any CPU.Build.0 = Debug|Any CPU
		{77DDC380-D1E3-4714-BF20-6C054BA43F6B}.Release|Any CPU.ActiveCfg = Release|Any CPU
		{77DDC380-D1E3-4714-BF20-6C054BA43F6B}.Release|Any CPU.Build.0 = Release|Any CPU
		{E3AA1F32-8176-4C4C-BD79-5EA152222BBF}.Debug|Any CPU.ActiveCfg = Debug|Any CPU
		{E3AA1F32-8176-4C4C-BD79-5EA152222BBF}.Debug|Any CPU.Build.0 = Debug|Any CPU
		{E3AA1F32-8176-4C4C-BD79-5EA152222BBF}.Release|Any CPU.ActiveCfg = Release|Any CPU
		{E3AA1F32-8176-4C4C-BD79-5EA152222BBF}.Release|Any CPU.Build.0 = Release|Any CPU
		{158EE60B-30F9-4512-A960-74161F21253C}.Debug|Any CPU.ActiveCfg = Debug|Any CPU
		{158EE60B-30F9-4512-A960-74161F21253C}.Debug|Any CPU.Build.0 = Debug|Any CPU
		{158EE60B-30F9-4512-A960-74161F21253C}.Release|Any CPU.ActiveCfg = Release|Any CPU
		{158EE60B-30F9-4512-A960-74161F21253C}.Release|Any CPU.Build.0 = Release|Any CPU
		{E21DF4D6-68AF-4C40-A8B0-1CD237EFD6D2}.Debug|Any CPU.ActiveCfg = Debug|Any CPU
		{E21DF4D6-68AF-4C40-A8B0-1CD237EFD6D2}.Debug|Any CPU.Build.0 = Debug|Any CPU
		{E21DF4D6-68AF-4C40-A8B0-1CD237EFD6D2}.Release|Any CPU.ActiveCfg = Release|Any CPU
		{E21DF4D6-68AF-4C40-A8B0-1CD237EFD6D2}.Release|Any CPU.Build.0 = Release|Any CPU
		{4E767175-6CA5-47DB-82C5-88ECA2BEF36F}.Debug|Any CPU.ActiveCfg = Debug|Any CPU
		{4E767175-6CA5-47DB-82C5-88ECA2BEF36F}.Debug|Any CPU.Build.0 = Debug|Any CPU
		{4E767175-6CA5-47DB-82C5-88ECA2BEF36F}.Release|Any CPU.ActiveCfg = Release|Any CPU
		{4E767175-6CA5-47DB-82C5-88ECA2BEF36F}.Release|Any CPU.Build.0 = Release|Any CPU
		{038B6215-F4CC-49E8-85BA-338F7108E971}.Debug|Any CPU.ActiveCfg = Debug|Any CPU
		{038B6215-F4CC-49E8-85BA-338F7108E971}.Debug|Any CPU.Build.0 = Debug|Any CPU
		{038B6215-F4CC-49E8-85BA-338F7108E971}.Release|Any CPU.ActiveCfg = Release|Any CPU
		{038B6215-F4CC-49E8-85BA-338F7108E971}.Release|Any CPU.Build.0 = Release|Any CPU
		{EF7CF1DD-B6AF-4E21-A46B-6B633DF49B90}.Debug|Any CPU.ActiveCfg = Debug|Any CPU
		{EF7CF1DD-B6AF-4E21-A46B-6B633DF49B90}.Debug|Any CPU.Build.0 = Debug|Any CPU
		{EF7CF1DD-B6AF-4E21-A46B-6B633DF49B90}.Release|Any CPU.ActiveCfg = Release|Any CPU
		{EF7CF1DD-B6AF-4E21-A46B-6B633DF49B90}.Release|Any CPU.Build.0 = Release|Any CPU
		{38E459E0-8752-47E1-B9ED-5E27107F917B}.Debug|Any CPU.ActiveCfg = Debug|Any CPU
		{38E459E0-8752-47E1-B9ED-5E27107F917B}.Debug|Any CPU.Build.0 = Debug|Any CPU
		{38E459E0-8752-47E1-B9ED-5E27107F917B}.Release|Any CPU.ActiveCfg = Release|Any CPU
		{38E459E0-8752-47E1-B9ED-5E27107F917B}.Release|Any CPU.Build.0 = Release|Any CPU
		{765009A2-2794-44D1-BF2E-C1FC4E67CAB2}.Debug|Any CPU.ActiveCfg = Debug|Any CPU
		{765009A2-2794-44D1-BF2E-C1FC4E67CAB2}.Debug|Any CPU.Build.0 = Debug|Any CPU
		{765009A2-2794-44D1-BF2E-C1FC4E67CAB2}.Release|Any CPU.ActiveCfg = Release|Any CPU
		{765009A2-2794-44D1-BF2E-C1FC4E67CAB2}.Release|Any CPU.Build.0 = Release|Any CPU
		{D1800CA4-9AD9-4CF2-9140-4006216E1501}.Debug|Any CPU.ActiveCfg = Debug|Any CPU
		{D1800CA4-9AD9-4CF2-9140-4006216E1501}.Debug|Any CPU.Build.0 = Debug|Any CPU
		{D1800CA4-9AD9-4CF2-9140-4006216E1501}.Release|Any CPU.ActiveCfg = Release|Any CPU
		{D1800CA4-9AD9-4CF2-9140-4006216E1501}.Release|Any CPU.Build.0 = Release|Any CPU
		{789D1A4D-0DA1-430F-ACF1-05F69AF1F155}.Debug|Any CPU.ActiveCfg = Debug|Any CPU
		{789D1A4D-0DA1-430F-ACF1-05F69AF1F155}.Debug|Any CPU.Build.0 = Debug|Any CPU
		{789D1A4D-0DA1-430F-ACF1-05F69AF1F155}.Release|Any CPU.ActiveCfg = Release|Any CPU
		{789D1A4D-0DA1-430F-ACF1-05F69AF1F155}.Release|Any CPU.Build.0 = Release|Any CPU
	EndGlobalSection
	GlobalSection(SolutionProperties) = preSolution
		HideSolutionNode = FALSE
	EndGlobalSection
	GlobalSection(NestedProjects) = preSolution
		{76A7099A-67E2-483E-BC07-743DCF03771F} = {C88B27B0-E908-4CFD-AFA0-FAD7742DB2EF}
		{390DCF97-756E-464B-8D7D-FF9345056C89} = {C88B27B0-E908-4CFD-AFA0-FAD7742DB2EF}
		{9B16A9FF-B8B0-4652-B7E7-1DEB197D8B50} = {C88B27B0-E908-4CFD-AFA0-FAD7742DB2EF}
		{41483E85-A349-444F-BFAF-0A7EE350F961} = {390DCF97-756E-464B-8D7D-FF9345056C89}
		{23EA4CBB-DBED-4AE4-A3EC-956F0EDA6EB0} = {41483E85-A349-444F-BFAF-0A7EE350F961}
		{89C1DE39-1E97-472B-98C1-39693DDF51DE} = {9B16A9FF-B8B0-4652-B7E7-1DEB197D8B50}
		{8DFC0EE1-029A-45FA-A88F-7080D3018937} = {89C1DE39-1E97-472B-98C1-39693DDF51DE}
		{A7A1A013-062B-4816-9E94-F474B357C3A9} = {76A7099A-67E2-483E-BC07-743DCF03771F}
		{77DDC380-D1E3-4714-BF20-6C054BA43F6B} = {A7A1A013-062B-4816-9E94-F474B357C3A9}
		{9D3F56C8-EDEE-4C03-BA95-A87A6974FBB5} = {390DCF97-756E-464B-8D7D-FF9345056C89}
		{422D210F-D327-44EE-8EE4-634B5FF45794} = {390DCF97-756E-464B-8D7D-FF9345056C89}
		{D9B2638B-0C1D-457C-89DF-506D9AD0D96F} = {390DCF97-756E-464B-8D7D-FF9345056C89}
		{46A09FE7-D8FB-4E42-AC14-5CF00BB08DA5} = {390DCF97-756E-464B-8D7D-FF9345056C89}
		{721BD467-A245-424C-B1E3-7CBEF3A0F3A6} = {390DCF97-756E-464B-8D7D-FF9345056C89}
		{E3AA1F32-8176-4C4C-BD79-5EA152222BBF} = {9D3F56C8-EDEE-4C03-BA95-A87A6974FBB5}
		{158EE60B-30F9-4512-A960-74161F21253C} = {422D210F-D327-44EE-8EE4-634B5FF45794}
		{E21DF4D6-68AF-4C40-A8B0-1CD237EFD6D2} = {D9B2638B-0C1D-457C-89DF-506D9AD0D96F}
		{4E767175-6CA5-47DB-82C5-88ECA2BEF36F} = {46A09FE7-D8FB-4E42-AC14-5CF00BB08DA5}
		{038B6215-F4CC-49E8-85BA-338F7108E971} = {721BD467-A245-424C-B1E3-7CBEF3A0F3A6}
		{71DC096B-33B5-4A52-AE39-299EDA2957FD} = {76A7099A-67E2-483E-BC07-743DCF03771F}
		{EF7CF1DD-B6AF-4E21-A46B-6B633DF49B90} = {71DC096B-33B5-4A52-AE39-299EDA2957FD}
		{B414F899-8297-497E-AC10-04E7B8E03D9B} = {76A7099A-67E2-483E-BC07-743DCF03771F}
		{38E459E0-8752-47E1-B9ED-5E27107F917B} = {B414F899-8297-497E-AC10-04E7B8E03D9B}
		{055D3082-FA8B-4EDA-A2EC-8CC58CFC4C51} = {C88B27B0-E908-4CFD-AFA0-FAD7742DB2EF}
		{FEBADF20-C19A-41CD-B045-26C89E90AF64} = {055D3082-FA8B-4EDA-A2EC-8CC58CFC4C51}
		{765009A2-2794-44D1-BF2E-C1FC4E67CAB2} = {FEBADF20-C19A-41CD-B045-26C89E90AF64}
		{D1800CA4-9AD9-4CF2-9140-4006216E1501} = {721BD467-A245-424C-B1E3-7CBEF3A0F3A6}
		{789D1A4D-0DA1-430F-ACF1-05F69AF1F155} = {721BD467-A245-424C-B1E3-7CBEF3A0F3A6}
	EndGlobalSection
	GlobalSection(ExtensibilityGlobals) = postSolution
		SolutionGuid = {849337E0-4E1C-4437-A91D-17AAB5A5B434}
	EndGlobalSection
EndGlobal
